{
  "version": 4,
  "terraform_version": "1.2.9",
  "serial": 251,
  "lineage": "0c1599ba-a0ae-0ad3-fa9c-dcd9213bbd5d",
  "outputs": {},
  "resources": [
    {
      "mode": "managed",
      "type": "google_compute_instance",
      "name": "default",
      "provider": "provider[\"registry.terraform.io/hashicorp/google\"]",
      "instances": [
        {
          "schema_version": 6,
          "attributes": {
            "advanced_machine_features": [],
            "allow_stopping_for_update": null,
            "attached_disk": [],
            "boot_disk": [
              {
                "auto_delete": true,
                "device_name": "persistent-disk-0",
                "disk_encryption_key_raw": "",
                "disk_encryption_key_sha256": "",
                "initialize_params": [
                  {
                    "image": "https://www.googleapis.com/compute/v1/projects/debian-cloud/global/images/debian-11-bullseye-v20220920",
                    "labels": {},
                    "size": 10,
                    "type": "pd-standard"
                  }
                ],
                "kms_key_self_link": "",
                "mode": "READ_WRITE",
                "source": "https://www.googleapis.com/compute/v1/projects/europan-world/zones/us-west1-b/disks/europa"
              }
            ],
            "can_ip_forward": false,
            "confidential_instance_config": [],
            "cpu_platform": "Intel Broadwell",
            "current_status": "RUNNING",
            "deletion_protection": false,
            "description": "",
            "desired_status": null,
            "enable_display": false,
            "guest_accelerator": [],
            "hostname": "",
            "id": "projects/europan-world/zones/us-west1-b/instances/europa",
            "instance_id": "2976463625513848920",
            "label_fingerprint": "cO46IQW9qhQ=",
            "labels": {
              "created_by": "terraform"
            },
            "machine_type": "e2-micro",
            "metadata": null,
            "metadata_fingerprint": "MgB-gyM2Lbk=",
            "metadata_startup_script": "#! /bin/bash\n\nset -x\n\necho \"\n#------------------------------------------------------------------------------#\n#                   OFFICIAL DEBIAN REPOS\n#------------------------------------------------------------------------------#\n\n###### Debian Main Repos\ndeb http://deb.debian.org/debian/ bullseye main contrib non-free\ndeb-src http://deb.debian.org/debian/ bullseye main contrib non-free\n\ndeb http://deb.debian.org/debian/ bullseye-updates main contrib non-free\ndeb-src http://deb.debian.org/debian/ bullseye-updates main contrib non-free\n\ndeb http://deb.debian.org/debian-security bullseye-security main\ndeb-src http://deb.debian.org/debian-security bullseye-security main\n\ndeb http://deb.debian.org/debian bullseye-backports main\ndeb-src http://deb.debian.org/debian bullseye-backports main\n\n\" | sudo tee /etc/apt/sources.list\n### gcloud\necho \"deb [signed-by=/usr/share/keyrings/cloud.google.gpg] https://packages.cloud.google.com/apt cloud-sdk main\" | sudo tee -a /etc/apt/sources.list.d/google-cloud-sdk.list\n### steam\necho \"deb [arch=i386,amd64] http://repo.steampowered.com/steam/ precise steam\" | sudo tee /etc/apt/sources.list.d/steampowered-repo.list\n\n### Ensure keys for sources.list\nsudo apt-key adv --keyserver keyserver.ubuntu.com --recv-keys F24AEA9FB05498B7\ncurl https://packages.cloud.google.com/apt/doc/apt-key.gpg | sudo tee /usr/share/keyrings/cloud.google.gpg\n\nsudo apt-get update\nsudo apt-get install -yq build-essential \\\n  curl wget apt-transport-https dirmngr \\\n  apt-transport-https ca-certificates gnupg \\\n  google-cloud-cli\n\nenv\ngcloud init\nuname -a\n# Get Github Deploy Key\ngcloud secrets versions access latest --secret=\"github-deploy-key\" \u003e\"/home/$(users)/.ssh/id_ecdsa\"\n\necho screen -S baro-server -d -m ./Steam/steamapps/common/Barotrauma\\ Dedicated\\ Server/DedicatedServer\n",
            "min_cpu_platform": "",
            "name": "europa",
            "network_interface": [
              {
                "access_config": [
                  {
                    "nat_ip": "35.227.139.31",
                    "network_tier": "PREMIUM",
                    "public_ptr_domain_name": ""
                  }
                ],
                "alias_ip_range": [],
                "ipv6_access_config": [],
                "ipv6_access_type": "",
                "name": "nic0",
                "network": "https://www.googleapis.com/compute/v1/projects/europan-world/global/networks/default",
                "network_ip": "10.138.0.22",
                "nic_type": "",
                "queue_count": 0,
                "stack_type": "IPV4_ONLY",
                "subnetwork": "https://www.googleapis.com/compute/v1/projects/europan-world/regions/us-west1/subnetworks/default",
                "subnetwork_project": "europan-world"
              }
            ],
            "project": "europan-world",
            "reservation_affinity": [],
            "resource_policies": null,
            "scheduling": [
              {
                "automatic_restart": true,
                "instance_termination_action": "",
                "min_node_cpus": 0,
                "node_affinities": [],
                "on_host_maintenance": "MIGRATE",
                "preemptible": false,
                "provisioning_model": "STANDARD"
              }
            ],
            "scratch_disk": [],
            "self_link": "https://www.googleapis.com/compute/v1/projects/europan-world/zones/us-west1-b/instances/europa",
            "service_account": [
              {
                "email": "git-service-account@europan-world.iam.gserviceaccount.com",
                "scopes": [
                  "https://www.googleapis.com/auth/cloud-platform"
                ]
              }
            ],
            "shielded_instance_config": [
              {
                "enable_integrity_monitoring": true,
                "enable_secure_boot": false,
                "enable_vtpm": true
              }
            ],
            "tags": null,
            "tags_fingerprint": "42WmSpB8rSM=",
            "timeouts": null,
            "zone": "us-west1-b"
          },
          "sensitive_attributes": [],
          "private": "eyJlMmJmYjczMC1lY2FhLTExZTYtOGY4OC0zNDM2M2JjN2M0YzAiOnsiY3JlYXRlIjoxMjAwMDAwMDAwMDAwLCJkZWxldGUiOjEyMDAwMDAwMDAwMDAsInVwZGF0ZSI6MTIwMDAwMDAwMDAwMH0sInNjaGVtYV92ZXJzaW9uIjoiNiJ9"
        }
      ]
    },
    {
      "mode": "managed",
      "type": "random_id",
      "name": "instance_id",
      "provider": "provider[\"registry.terraform.io/hashicorp/random\"]",
      "instances": [
        {
          "schema_version": 0,
          "attributes": {
            "b64_std": "NKWqukxy3T8=",
            "b64_url": "NKWqukxy3T8",
            "byte_length": 8,
            "dec": "3793625978252746047",
            "hex": "34a5aaba4c72dd3f",
            "id": "NKWqukxy3T8",
            "keepers": null,
            "prefix": null
          },
          "sensitive_attributes": []
        }
      ]
    }
  ]
}
